
Microsoft Visual Studio Solution File, Format Version 12.00
# Visual Studio 14
VisualStudioVersion = 14.0.24720.0
MinimumVisualStudioVersion = 10.0.40219.1
Project("{FAE04EC0-301F-11D3-BF4B-00C04F79EFBC}") = "T360991.Module", "src\T360991.Module\T360991.Module.csproj", "{E745684B-65F4-4B50-97CA-7E10E934051B}"
EndProject
Project("{FAE04EC0-301F-11D3-BF4B-00C04F79EFBC}") = "T360991.Module.Win", "src\T360991.Module.Win\T360991.Module.Win.csproj", "{0A6B3805-39C4-497C-B1C8-699932112106}"
EndProject
Project("{FAE04EC0-301F-11D3-BF4B-00C04F79EFBC}") = "T360991.Win", "src\T360991\T360991.Win.csproj", "{64FB5DEC-BC79-4F25-B8A2-C5F6C9C0810B}"
EndProject
Global
	GlobalSection(SolutionConfigurationPlatforms) = preSolution
		Debug|Any CPU = Debug|Any CPU
		Release|Any CPU = Release|Any CPU
	EndGlobalSection
	GlobalSection(ProjectConfigurationPlatforms) = postSolution
		{E745684B-65F4-4B50-97CA-7E10E934051B}.Debug|Any CPU.ActiveCfg = Debug|Any CPU
		{E745684B-65F4-4B50-97CA-7E10E934051B}.Debug|Any CPU.Build.0 = Debug|Any CPU
		{E745684B-65F4-4B50-97CA-7E10E934051B}.Release|Any CPU.ActiveCfg = Release|Any CPU
		{E745684B-65F4-4B50-97CA-7E10E934051B}.Release|Any CPU.Build.0 = Release|Any CPU
		{0A6B3805-39C4-497C-B1C8-699932112106}.Debug|Any CPU.ActiveCfg = Debug|Any CPU
		{0A6B3805-39C4-497C-B1C8-699932112106}.Debug|Any CPU.Build.0 = Debug|Any CPU
		{0A6B3805-39C4-497C-B1C8-699932112106}.Release|Any CPU.ActiveCfg = Release|Any CPU
		{0A6B3805-39C4-497C-B1C8-699932112106}.Release|Any CPU.Build.0 = Release|Any CPU
		{64FB5DEC-BC79-4F25-B8A2-C5F6C9C0810B}.Debug|Any CPU.ActiveCfg = Debug|Any CPU
		{64FB5DEC-BC79-4F25-B8A2-C5F6C9C0810B}.Debug|Any CPU.Build.0 = Debug|Any CPU
		{64FB5DEC-BC79-4F25-B8A2-C5F6C9C0810B}.Release|Any CPU.ActiveCfg = Release|Any CPU
		{64FB5DEC-BC79-4F25-B8A2-C5F6C9C0810B}.Release|Any CPU.Build.0 = Release|Any CPU
	EndGlobalSection
	GlobalSection(SolutionProperties) = preSolution
		HideSolutionNode = FALSE
	EndGlobalSection
EndGlobal
